
Microsoft Visual Studio Solution File, Format Version 11.00
# Visual Studio 2010
Project("{FAE04EC0-301F-11D3-BF4B-00C04F79EFBC}") = "SharpZipLibTests", "tests\SharpZipLibTests.csproj", "{4F9BF21E-A7FC-4005-A1C7-A17108F7010D}"
EndProject
Project("{FAE04EC0-301F-11D3-BF4B-00C04F79EFBC}") = "ICSharpCode.SharpZLib", "src\ICSharpCode.SharpZLib.csproj", "{0E7413FF-EB9E-4714-ACF2-BE3A6A7B2FFD}"
EndProject
Project("{FAE04EC0-301F-11D3-BF4B-00C04F79EFBC}") = "sz", "samples\cs\sz\sz.csproj", "{CE0CEA62-CC91-4D17-BC57-A5FCACCA6A1F}"
EndProject
Project("{FAE04EC0-301F-11D3-BF4B-00C04F79EFBC}") = "zf", "samples\cs\zf\zf.csproj", "{90E83588-261C-45A3-964F-4B707357D437}"
EndProject
Project("{F184B08F-C81C-45F6-A57F-5ABD9991F28F}") = "CreateZipFile", "samples\vb\CreateZipFile\CreateZipFile.vbproj", "{1B2FD768-E530-45B7-B14F-AE5D07B24485}"
	ProjectSection(ProjectDependencies) = postProject
		{0E7413FF-EB9E-4714-ACF2-BE3A6A7B2FFD} = {0E7413FF-EB9E-4714-ACF2-BE3A6A7B2FFD}
	EndProjectSection
EndProject
Project("{F184B08F-C81C-45F6-A57F-5ABD9991F28F}") = "viewzipfile", "samples\vb\viewzipfile\viewzipfile.vbproj", "{DB53264C-64AD-4B43-91A9-F5325561C77B}"
EndProject
Project("{F184B08F-C81C-45F6-A57F-5ABD9991F28F}") = "minibzip2", "samples\vb\minibzip2\minibzip2.vbproj", "{E4AFB41C-DDBB-44AD-9D64-304B7FEE66C9}"
EndProject
Project("{F184B08F-C81C-45F6-A57F-5ABD9991F28F}") = "zipfiletest", "samples\vb\zipfiletest\zipfiletest.vbproj", "{54057AFD-35E2-48C3-8419-45D57C351C1F}"
EndProject
Project("{FAE04EC0-301F-11D3-BF4B-00C04F79EFBC}") = "Tar", "samples\cs\tar\Tar.csproj", "{12C2AD0C-B815-426D-AFF1-7787C2DCA0F0}"
EndProject
Project("{2150E333-8FDC-42A3-9474-1A3956D46DE8}") = "Samples", "Samples", "{2DB7F365-8BCD-48FE-BE0C-8B98A8E7635F}"
EndProject
Project("{2150E333-8FDC-42A3-9474-1A3956D46DE8}") = "VisualBasic", "VisualBasic", "{26CAFF97-E6A1-4C42-A463-DAFE36AD490B}"
EndProject
Project("{2150E333-8FDC-42A3-9474-1A3956D46DE8}") = "CSharp", "CSharp", "{42B79D47-8FCF-4DE6-A0E6-99F222881513}"
EndProject
Project("{FAE04EC0-301F-11D3-BF4B-00C04F79EFBC}") = "CreateZipFile", "samples\cs\CreateZipFile\CreateZipFile.csproj", "{DF63551E-BB6C-4A8D-9B01-DB94F721E74A}"
EndProject
Project("{FAE04EC0-301F-11D3-BF4B-00C04F79EFBC}") = "FastZip", "samples\cs\FastZip\FastZip.csproj", "{61BE8DBC-149A-4564-B891-9EEA4A09ED12}"
EndProject
Project("{FAE04EC0-301F-11D3-BF4B-00C04F79EFBC}") = "minibzip2", "samples\cs\minibzip2\minibzip2.csproj", "{7520CE0B-F1D4-4148-8427-BB03669D7672}"
EndProject
Project("{FAE04EC0-301F-11D3-BF4B-00C04F79EFBC}") = "minigzip", "samples\cs\minigzip\minigzip.csproj", "{301EF496-ED72-4448-A98E-A60D6BF6E0AE}"
EndProject
Project("{FAE04EC0-301F-11D3-BF4B-00C04F79EFBC}") = "zipfiletest", "samples\cs\zipfiletest\zipfiletest.csproj", "{4C2CF0B1-FA7B-4FB6-83BA-24A9549AAB02}"
EndProject
Global
	GlobalSection(SubversionScc) = preSolution
		Svn-Managed = True
		Manager = AnkhSVN - Subversion Support for Visual Studio
	EndGlobalSection
	GlobalSection(SolutionConfigurationPlatforms) = preSolution
		Debug|Any CPU = Debug|Any CPU
		Release|Any CPU = Release|Any CPU
	EndGlobalSection
	GlobalSection(ProjectConfigurationPlatforms) = postSolution
		{4F9BF21E-A7FC-4005-A1C7-A17108F7010D}.Debug|Any CPU.ActiveCfg = Debug|Any CPU
		{4F9BF21E-A7FC-4005-A1C7-A17108F7010D}.Debug|Any CPU.Build.0 = Debug|Any CPU
		{4F9BF21E-A7FC-4005-A1C7-A17108F7010D}.Release|Any CPU.ActiveCfg = Release|Any CPU
		{4F9BF21E-A7FC-4005-A1C7-A17108F7010D}.Release|Any CPU.Build.0 = Release|Any CPU
		{0E7413FF-EB9E-4714-ACF2-BE3A6A7B2FFD}.Debug|Any CPU.ActiveCfg = Debug|Any CPU
		{0E7413FF-EB9E-4714-ACF2-BE3A6A7B2FFD}.Debug|Any CPU.Build.0 = Debug|Any CPU
		{0E7413FF-EB9E-4714-ACF2-BE3A6A7B2FFD}.Release|Any CPU.ActiveCfg = Release|Any CPU
		{0E7413FF-EB9E-4714-ACF2-BE3A6A7B2FFD}.Release|Any CPU.Build.0 = Release|Any CPU
		{CE0CEA62-CC91-4D17-BC57-A5FCACCA6A1F}.Debug|Any CPU.ActiveCfg = Debug|Any CPU
		{CE0CEA62-CC91-4D17-BC57-A5FCACCA6A1F}.Debug|Any CPU.Build.0 = Debug|Any CPU
		{CE0CEA62-CC91-4D17-BC57-A5FCACCA6A1F}.Release|Any CPU.ActiveCfg = Release|Any CPU
		{CE0CEA62-CC91-4D17-BC57-A5FCACCA6A1F}.Release|Any CPU.Build.0 = Release|Any CPU
		{90E83588-261C-45A3-964F-4B707357D437}.Debug|Any CPU.ActiveCfg = Debug|Any CPU
		{90E83588-261C-45A3-964F-4B707357D437}.Debug|Any CPU.Build.0 = Debug|Any CPU
		{90E83588-261C-45A3-964F-4B707357D437}.Release|Any CPU.ActiveCfg = Release|Any CPU
		{90E83588-261C-45A3-964F-4B707357D437}.Release|Any CPU.Build.0 = Release|Any CPU
		{1B2FD768-E530-45B7-B14F-AE5D07B24485}.Debug|Any CPU.ActiveCfg = Debug|Any CPU
		{1B2FD768-E530-45B7-B14F-AE5D07B24485}.Debug|Any CPU.Build.0 = Debug|Any CPU
		{1B2FD768-E530-45B7-B14F-AE5D07B24485}.Release|Any CPU.ActiveCfg = Release|Any CPU
		{1B2FD768-E530-45B7-B14F-AE5D07B24485}.Release|Any CPU.Build.0 = Release|Any CPU
		{DB53264C-64AD-4B43-91A9-F5325561C77B}.Debug|Any CPU.ActiveCfg = Debug|Any CPU
		{DB53264C-64AD-4B43-91A9-F5325561C77B}.Debug|Any CPU.Build.0 = Debug|Any CPU
		{DB53264C-64AD-4B43-91A9-F5325561C77B}.Release|Any CPU.ActiveCfg = Release|Any CPU
		{DB53264C-64AD-4B43-91A9-F5325561C77B}.Release|Any CPU.Build.0 = Release|Any CPU
		{E4AFB41C-DDBB-44AD-9D64-304B7FEE66C9}.Debug|Any CPU.ActiveCfg = Debug|Any CPU
		{E4AFB41C-DDBB-44AD-9D64-304B7FEE66C9}.Debug|Any CPU.Build.0 = Debug|Any CPU
		{E4AFB41C-DDBB-44AD-9D64-304B7FEE66C9}.Release|Any CPU.ActiveCfg = Release|Any CPU
		{E4AFB41C-DDBB-44AD-9D64-304B7FEE66C9}.Release|Any CPU.Build.0 = Release|Any CPU
		{54057AFD-35E2-48C3-8419-45D57C351C1F}.Debug|Any CPU.ActiveCfg = Debug|Any CPU
		{54057AFD-35E2-48C3-8419-45D57C351C1F}.Debug|Any CPU.Build.0 = Debug|Any CPU
		{54057AFD-35E2-48C3-8419-45D57C351C1F}.Release|Any CPU.ActiveCfg = Release|Any CPU
		{54057AFD-35E2-48C3-8419-45D57C351C1F}.Release|Any CPU.Build.0 = Release|Any CPU
		{12C2AD0C-B815-426D-AFF1-7787C2DCA0F0}.Debug|Any CPU.ActiveCfg = Debug|Any CPU
		{12C2AD0C-B815-426D-AFF1-7787C2DCA0F0}.Debug|Any CPU.Build.0 = Debug|Any CPU
		{12C2AD0C-B815-426D-AFF1-7787C2DCA0F0}.Release|Any CPU.ActiveCfg = Release|Any CPU
		{12C2AD0C-B815-426D-AFF1-7787C2DCA0F0}.Release|Any CPU.Build.0 = Release|Any CPU
		{DF63551E-BB6C-4A8D-9B01-DB94F721E74A}.Debug|Any CPU.ActiveCfg = Debug|Any CPU
		{DF63551E-BB6C-4A8D-9B01-DB94F721E74A}.Debug|Any CPU.Build.0 = Debug|Any CPU
		{DF63551E-BB6C-4A8D-9B01-DB94F721E74A}.Release|Any CPU.ActiveCfg = Release|Any CPU
		{DF63551E-BB6C-4A8D-9B01-DB94F721E74A}.Release|Any CPU.Build.0 = Release|Any CPU
		{61BE8DBC-149A-4564-B891-9EEA4A09ED12}.Debug|Any CPU.ActiveCfg = Debug|Any CPU
		{61BE8DBC-149A-4564-B891-9EEA4A09ED12}.Debug|Any CPU.Build.0 = Debug|Any CPU
		{61BE8DBC-149A-4564-B891-9EEA4A09ED12}.Release|Any CPU.ActiveCfg = Release|Any CPU
		{61BE8DBC-149A-4564-B891-9EEA4A09ED12}.Release|Any CPU.Build.0 = Release|Any CPU
		{7520CE0B-F1D4-4148-8427-BB03669D7672}.Debug|Any CPU.ActiveCfg = Debug|Any CPU
		{7520CE0B-F1D4-4148-8427-BB03669D7672}.Debug|Any CPU.Build.0 = Debug|Any CPU
		{7520CE0B-F1D4-4148-8427-BB03669D7672}.Release|Any CPU.ActiveCfg = Release|Any CPU
		{7520CE0B-F1D4-4148-8427-BB03669D7672}.Release|Any CPU.Build.0 = Release|Any CPU
		{301EF496-ED72-4448-A98E-A60D6BF6E0AE}.Debug|Any CPU.ActiveCfg = Debug|Any CPU
		{301EF496-ED72-4448-A98E-A60D6BF6E0AE}.Debug|Any CPU.Build.0 = Debug|Any CPU
		{301EF496-ED72-4448-A98E-A60D6BF6E0AE}.Release|Any CPU.ActiveCfg = Release|Any CPU
		{301EF496-ED72-4448-A98E-A60D6BF6E0AE}.Release|Any CPU.Build.0 = Release|Any CPU
		{4C2CF0B1-FA7B-4FB6-83BA-24A9549AAB02}.Debug|Any CPU.ActiveCfg = Debug|Any CPU
		{4C2CF0B1-FA7B-4FB6-83BA-24A9549AAB02}.Debug|Any CPU.Build.0 = Debug|Any CPU
		{4C2CF0B1-FA7B-4FB6-83BA-24A9549AAB02}.Release|Any CPU.ActiveCfg = Release|Any CPU
		{4C2CF0B1-FA7B-4FB6-83BA-24A9549AAB02}.Release|Any CPU.Build.0 = Release|Any CPU
	EndGlobalSection
	GlobalSection(SolutionProperties) = preSolution
		HideSolutionNode = FALSE
	EndGlobalSection
	GlobalSection(NestedProjects) = preSolution
		{26CAFF97-E6A1-4C42-A463-DAFE36AD490B} = {2DB7F365-8BCD-48FE-BE0C-8B98A8E7635F}
		{42B79D47-8FCF-4DE6-A0E6-99F222881513} = {2DB7F365-8BCD-48FE-BE0C-8B98A8E7635F}
		{1B2FD768-E530-45B7-B14F-AE5D07B24485} = {26CAFF97-E6A1-4C42-A463-DAFE36AD490B}
		{54057AFD-35E2-48C3-8419-45D57C351C1F} = {26CAFF97-E6A1-4C42-A463-DAFE36AD490B}
		{E4AFB41C-DDBB-44AD-9D64-304B7FEE66C9} = {26CAFF97-E6A1-4C42-A463-DAFE36AD490B}
		{DB53264C-64AD-4B43-91A9-F5325561C77B} = {26CAFF97-E6A1-4C42-A463-DAFE36AD490B}
		{CE0CEA62-CC91-4D17-BC57-A5FCACCA6A1F} = {42B79D47-8FCF-4DE6-A0E6-99F222881513}
		{90E83588-261C-45A3-964F-4B707357D437} = {42B79D47-8FCF-4DE6-A0E6-99F222881513}
		{12C2AD0C-B815-426D-AFF1-7787C2DCA0F0} = {42B79D47-8FCF-4DE6-A0E6-99F222881513}
		{DF63551E-BB6C-4A8D-9B01-DB94F721E74A} = {42B79D47-8FCF-4DE6-A0E6-99F222881513}
		{61BE8DBC-149A-4564-B891-9EEA4A09ED12} = {42B79D47-8FCF-4DE6-A0E6-99F222881513}
		{7520CE0B-F1D4-4148-8427-BB03669D7672} = {42B79D47-8FCF-4DE6-A0E6-99F222881513}
		{301EF496-ED72-4448-A98E-A60D6BF6E0AE} = {42B79D47-8FCF-4DE6-A0E6-99F222881513}
		{4C2CF0B1-FA7B-4FB6-83BA-24A9549AAB02} = {42B79D47-8FCF-4DE6-A0E6-99F222881513}
	EndGlobalSection
EndGlobal
